
Microsoft Visual Studio Solution File, Format Version 12.00
# Visual Studio Version 17
VisualStudioVersion = 17.5.33414.496
MinimumVisualStudioVersion = 10.0.40219.1
Project("{9A19103F-16F7-4668-BE54-9A1E7A4F7556}") = "SpaceTravelEmulator", "TesterRakiet\SpaceTravelEmulator.csproj", "{81436BDA-E565-4998-B3A5-EEA00AC7AAAE}"
EndProject
Global
	GlobalSection(SolutionConfigurationPlatforms) = preSolution
		Debug|Any CPU = Debug|Any CPU
		Release|Any CPU = Release|Any CPU
	EndGlobalSection
	GlobalSection(ProjectConfigurationPlatforms) = postSolution
		{81436BDA-E565-4998-B3A5-EEA00AC7AAAE}.Debug|Any CPU.ActiveCfg = Debug|Any CPU
		{81436BDA-E565-4998-B3A5-EEA00AC7AAAE}.Debug|Any CPU.Build.0 = Debug|Any CPU
		{81436BDA-E565-4998-B3A5-EEA00AC7AAAE}.Release|Any CPU.ActiveCfg = Release|Any CPU
		{81436BDA-E565-4998-B3A5-EEA00AC7AAAE}.Release|Any CPU.Build.0 = Release|Any CPU
	EndGlobalSection
	GlobalSection(SolutionProperties) = preSolution
		HideSolutionNode = FALSE
	EndGlobalSection
	GlobalSection(ExtensibilityGlobals) = postSolution
		SolutionGuid = {CF5F1779-99A4-43F5-92DA-1F19DAEE1C31}
	EndGlobalSection
EndGlobal
